
Microsoft Visual Studio Solution File, Format Version 12.00
# Visual Studio Version 16
VisualStudioVersion = 16.0.29920.165
MinimumVisualStudioVersion = 10.0.40219.1
Project("{9A19103F-16F7-4668-BE54-9A1E7A4F7556}") = "SIS.HTTP", "SIS.Http\SIS.HTTP.csproj", "{52485058-129B-44FE-9275-0BFA05BC4B8D}"
EndProject
Project("{9A19103F-16F7-4668-BE54-9A1E7A4F7556}") = "SIS.MvcFramework", "SIS.WebServer\SIS.MvcFramework.csproj", "{AA541FB4-2311-4A6E-8A7B-023489420FAF}"
EndProject
Project("{9A19103F-16F7-4668-BE54-9A1E7A4F7556}") = "IRunes.App", "SIS.Demo\IRunes.App.csproj", "{1FA7E84D-8EB9-469A-B4FF-0D521415AF4F}"
EndProject
Project("{9A19103F-16F7-4668-BE54-9A1E7A4F7556}") = "IRunes.Data", "Demo.Data\IRunes.Data.csproj", "{746C77A6-C15B-4FCD-B8B9-5B7068042799}"
EndProject
Project("{9A19103F-16F7-4668-BE54-9A1E7A4F7556}") = "IRunes.Models", "Demo.Models\IRunes.Models.csproj", "{AED2C9C7-B8E6-42C0-A880-469127A664FE}"
EndProject
Project("{2150E333-8FDC-42A3-9474-1A3956D46DE8}") = "Apps", "Apps", "{CFC42AC0-0EAA-4CE6-B0BA-977766337DCC}"
EndProject
Project("{2150E333-8FDC-42A3-9474-1A3956D46DE8}") = "IRunes", "IRunes", "{97253703-496E-4916-B61C-220186BFFA0B}"
EndProject
Project("{FAE04EC0-301F-11D3-BF4B-00C04F79EFBC}") = "IRunes.Services", "IRunes.Services\IRunes.Services.csproj", "{5B59F0B0-4AAA-4ADB-B51C-97D6546E2BED}"
EndProject
Global
	GlobalSection(SolutionConfigurationPlatforms) = preSolution
		Debug|Any CPU = Debug|Any CPU
		Release|Any CPU = Release|Any CPU
	EndGlobalSection
	GlobalSection(ProjectConfigurationPlatforms) = postSolution
		{52485058-129B-44FE-9275-0BFA05BC4B8D}.Debug|Any CPU.ActiveCfg = Debug|Any CPU
		{52485058-129B-44FE-9275-0BFA05BC4B8D}.Debug|Any CPU.Build.0 = Debug|Any CPU
		{52485058-129B-44FE-9275-0BFA05BC4B8D}.Release|Any CPU.ActiveCfg = Release|Any CPU
		{52485058-129B-44FE-9275-0BFA05BC4B8D}.Release|Any CPU.Build.0 = Release|Any CPU
		{AA541FB4-2311-4A6E-8A7B-023489420FAF}.Debug|Any CPU.ActiveCfg = Debug|Any CPU
		{AA541FB4-2311-4A6E-8A7B-023489420FAF}.Debug|Any CPU.Build.0 = Debug|Any CPU
		{AA541FB4-2311-4A6E-8A7B-023489420FAF}.Release|Any CPU.ActiveCfg = Release|Any CPU
		{AA541FB4-2311-4A6E-8A7B-023489420FAF}.Release|Any CPU.Build.0 = Release|Any CPU
		{1FA7E84D-8EB9-469A-B4FF-0D521415AF4F}.Debug|Any CPU.ActiveCfg = Debug|Any CPU
		{1FA7E84D-8EB9-469A-B4FF-0D521415AF4F}.Debug|Any CPU.Build.0 = Debug|Any CPU
		{1FA7E84D-8EB9-469A-B4FF-0D521415AF4F}.Release|Any CPU.ActiveCfg = Release|Any CPU
		{1FA7E84D-8EB9-469A-B4FF-0D521415AF4F}.Release|Any CPU.Build.0 = Release|Any CPU
		{746C77A6-C15B-4FCD-B8B9-5B7068042799}.Debug|Any CPU.ActiveCfg = Debug|Any CPU
		{746C77A6-C15B-4FCD-B8B9-5B7068042799}.Debug|Any CPU.Build.0 = Debug|Any CPU
		{746C77A6-C15B-4FCD-B8B9-5B7068042799}.Release|Any CPU.ActiveCfg = Release|Any CPU
		{746C77A6-C15B-4FCD-B8B9-5B7068042799}.Release|Any CPU.Build.0 = Release|Any CPU
		{AED2C9C7-B8E6-42C0-A880-469127A664FE}.Debug|Any CPU.ActiveCfg = Debug|Any CPU
		{AED2C9C7-B8E6-42C0-A880-469127A664FE}.Debug|Any CPU.Build.0 = Debug|Any CPU
		{AED2C9C7-B8E6-42C0-A880-469127A664FE}.Release|Any CPU.ActiveCfg = Release|Any CPU
		{AED2C9C7-B8E6-42C0-A880-469127A664FE}.Release|Any CPU.Build.0 = Release|Any CPU
		{5B59F0B0-4AAA-4ADB-B51C-97D6546E2BED}.Debug|Any CPU.ActiveCfg = Debug|Any CPU
		{5B59F0B0-4AAA-4ADB-B51C-97D6546E2BED}.Debug|Any CPU.Build.0 = Debug|Any CPU
		{5B59F0B0-4AAA-4ADB-B51C-97D6546E2BED}.Release|Any CPU.ActiveCfg = Release|Any CPU
		{5B59F0B0-4AAA-4ADB-B51C-97D6546E2BED}.Release|Any CPU.Build.0 = Release|Any CPU
	EndGlobalSection
	GlobalSection(SolutionProperties) = preSolution
		HideSolutionNode = FALSE
	EndGlobalSection
	GlobalSection(NestedProjects) = preSolution
		{1FA7E84D-8EB9-469A-B4FF-0D521415AF4F} = {97253703-496E-4916-B61C-220186BFFA0B}
		{746C77A6-C15B-4FCD-B8B9-5B7068042799} = {97253703-496E-4916-B61C-220186BFFA0B}
		{AED2C9C7-B8E6-42C0-A880-469127A664FE} = {97253703-496E-4916-B61C-220186BFFA0B}
		{97253703-496E-4916-B61C-220186BFFA0B} = {CFC42AC0-0EAA-4CE6-B0BA-977766337DCC}
		{5B59F0B0-4AAA-4ADB-B51C-97D6546E2BED} = {97253703-496E-4916-B61C-220186BFFA0B}
	EndGlobalSection
	GlobalSection(ExtensibilityGlobals) = postSolution
		SolutionGuid = {4612F15D-FEBB-4C5D-83A8-DEEF27B9AEB5}
	EndGlobalSection
EndGlobal
